// !$*UTF8*$!
{
	archiveVersion = 1;
	classes = {
	};
	objectVersion = 46;
	objects = {

/* Begin PBXBuildFile section */
		489E243A412B4D66B4030BC8 /* libPods.a in Frameworks */ = {isa = PBXBuildFile; fileRef = 248A74BCB2464C5A999C114A /* libPods.a */; };
		93012ED518AFF445003661CE /* JMSEditPersonTableViewController.m in Sources */ = {isa = PBXBuildFile; fileRef = 93012ED418AFF445003661CE /* JMSEditPersonTableViewController.m */; };
		930847A918B7A6BB00F0B374 /* CoreDataModel.xcdatamodeld in Sources */ = {isa = PBXBuildFile; fileRef = 930847A718B7A6BB00F0B374 /* CoreDataModel.xcdatamodeld */; };
		930847AC18B7A6E600F0B374 /* Person.m in Sources */ = {isa = PBXBuildFile; fileRef = 930847AB18B7A6E600F0B374 /* Person.m */; };
		935FA59B18B7A531002C99B5 /* CoreData.framework in Frameworks */ = {isa = PBXBuildFile; fileRef = 935FA59A18B7A531002C99B5 /* CoreData.framework */; };
		93B0988C18AAFAA2006AB460 /* Foundation.framework in Frameworks */ = {isa = PBXBuildFile; fileRef = 93B0988B18AAFAA2006AB460 /* Foundation.framework */; };
		93B0988E18AAFAA2006AB460 /* CoreGraphics.framework in Frameworks */ = {isa = PBXBuildFile; fileRef = 93B0988D18AAFAA2006AB460 /* CoreGraphics.framework */; };
		93B0989018AAFAA2006AB460 /* UIKit.framework in Frameworks */ = {isa = PBXBuildFile; fileRef = 93B0988F18AAFAA2006AB460 /* UIKit.framework */; };
		93B0989618AAFAA2006AB460 /* InfoPlist.strings in Resources */ = {isa = PBXBuildFile; fileRef = 93B0989418AAFAA2006AB460 /* InfoPlist.strings */; };
		93B0989818AAFAA2006AB460 /* main.m in Sources */ = {isa = PBXBuildFile; fileRef = 93B0989718AAFAA2006AB460 /* main.m */; };
		93B0989C18AAFAA2006AB460 /* JMSAppDelegate.m in Sources */ = {isa = PBXBuildFile; fileRef = 93B0989B18AAFAA2006AB460 /* JMSAppDelegate.m */; };
		93B0989F18AAFAA2006AB460 /* Main.storyboard in Resources */ = {isa = PBXBuildFile; fileRef = 93B0989D18AAFAA2006AB460 /* Main.storyboard */; };
		93B098A418AAFAA2006AB460 /* Images.xcassets in Resources */ = {isa = PBXBuildFile; fileRef = 93B098A318AAFAA2006AB460 /* Images.xcassets */; };
		93B098AB18AAFAA2006AB460 /* XCTest.framework in Frameworks */ = {isa = PBXBuildFile; fileRef = 93B098AA18AAFAA2006AB460 /* XCTest.framework */; };
		93B098AC18AAFAA2006AB460 /* Foundation.framework in Frameworks */ = {isa = PBXBuildFile; fileRef = 93B0988B18AAFAA2006AB460 /* Foundation.framework */; };
		93B098AD18AAFAA2006AB460 /* UIKit.framework in Frameworks */ = {isa = PBXBuildFile; fileRef = 93B0988F18AAFAA2006AB460 /* UIKit.framework */; };
		93B098B518AAFAA2006AB460 /* InfoPlist.strings in Resources */ = {isa = PBXBuildFile; fileRef = 93B098B318AAFAA2006AB460 /* InfoPlist.strings */; };
		93B098B718AAFAA2006AB460 /* HW5Tests.m in Sources */ = {isa = PBXBuildFile; fileRef = 93B098B618AAFAA2006AB460 /* HW5Tests.m */; };
		93B098C518AAFB15006AB460 /* JMSMainViewController.m in Sources */ = {isa = PBXBuildFile; fileRef = 93B098C418AAFB15006AB460 /* JMSMainViewController.m */; };
		93C371BA18AB38D7007B6972 /* JMSBirthdayTableViewCell.m in Sources */ = {isa = PBXBuildFile; fileRef = 93C371B918AB38D7007B6972 /* JMSBirthdayTableViewCell.m */; };
		93C371BD18AB3A30007B6972 /* JMSPersonBirthday.m in Sources */ = {isa = PBXBuildFile; fileRef = 93C371BC18AB3A30007B6972 /* JMSPersonBirthday.m */; };
		93C371C318AE6C52007B6972 /* NSDate+UWDateMath.m in Sources */ = {isa = PBXBuildFile; fileRef = 93C371C218AE6C52007B6972 /* NSDate+UWDateMath.m */; };
		93C371C618AF1EA3007B6972 /* JMSPersonStore.m in Sources */ = {isa = PBXBuildFile; fileRef = 93C371C518AF1EA3007B6972 /* JMSPersonStore.m */; };
/* End PBXBuildFile section */

/* Begin PBXContainerItemProxy section */
		93B098AE18AAFAA2006AB460 /* PBXContainerItemProxy */ = {
			isa = PBXContainerItemProxy;
			containerPortal = 93B0988018AAFAA2006AB460 /* Project object */;
			proxyType = 1;
			remoteGlobalIDString = 93B0988718AAFAA2006AB460;
			remoteInfo = HW5;
		};
/* End PBXContainerItemProxy section */

/* Begin PBXFileReference section */
		248A74BCB2464C5A999C114A /* libPods.a */ = {isa = PBXFileReference; explicitFileType = archive.ar; includeInIndex = 0; path = libPods.a; sourceTree = BUILT_PRODUCTS_DIR; };
		33301554169B4A98AE990BDA /* Pods.xcconfig */ = {isa = PBXFileReference; includeInIndex = 1; lastKnownFileType = text.xcconfig; name = Pods.xcconfig; path = Pods/Pods.xcconfig; sourceTree = "<group>"; };
		93012ED318AFF445003661CE /* JMSEditPersonTableViewController.h */ = {isa = PBXFileReference; fileEncoding = 4; lastKnownFileType = sourcecode.c.h; path = JMSEditPersonTableViewController.h; sourceTree = "<group>"; };
		93012ED418AFF445003661CE /* JMSEditPersonTableViewController.m */ = {isa = PBXFileReference; fileEncoding = 4; lastKnownFileType = sourcecode.c.objc; path = JMSEditPersonTableViewController.m; sourceTree = "<group>"; };
		930847A818B7A6BB00F0B374 /* CoreDataModel.xcdatamodel */ = {isa = PBXFileReference; lastKnownFileType = wrapper.xcdatamodel; path = CoreDataModel.xcdatamodel; sourceTree = "<group>"; };
		930847AA18B7A6E600F0B374 /* Person.h */ = {isa = PBXFileReference; fileEncoding = 4; lastKnownFileType = sourcecode.c.h; name = Person.h; path = Model/Person.h; sourceTree = "<group>"; };
		930847AB18B7A6E600F0B374 /* Person.m */ = {isa = PBXFileReference; fileEncoding = 4; lastKnownFileType = sourcecode.c.objc; name = Person.m; path = Model/Person.m; sourceTree = "<group>"; };
		935FA59A18B7A531002C99B5 /* CoreData.framework */ = {isa = PBXFileReference; lastKnownFileType = wrapper.framework; name = CoreData.framework; path = System/Library/Frameworks/CoreData.framework; sourceTree = SDKROOT; };
		93B0988818AAFAA2006AB460 /* HW5.app */ = {isa = PBXFileReference; explicitFileType = wrapper.application; includeInIndex = 0; path = HW5.app; sourceTree = BUILT_PRODUCTS_DIR; };
		93B0988B18AAFAA2006AB460 /* Foundation.framework */ = {isa = PBXFileReference; lastKnownFileType = wrapper.framework; name = Foundation.framework; path = System/Library/Frameworks/Foundation.framework; sourceTree = SDKROOT; };
		93B0988D18AAFAA2006AB460 /* CoreGraphics.framework */ = {isa = PBXFileReference; lastKnownFileType = wrapper.framework; name = CoreGraphics.framework; path = System/Library/Frameworks/CoreGraphics.framework; sourceTree = SDKROOT; };
		93B0988F18AAFAA2006AB460 /* UIKit.framework */ = {isa = PBXFileReference; lastKnownFileType = wrapper.framework; name = UIKit.framework; path = System/Library/Frameworks/UIKit.framework; sourceTree = SDKROOT; };
		93B0989318AAFAA2006AB460 /* HW5-Info.plist */ = {isa = PBXFileReference; lastKnownFileType = text.plist.xml; path = "HW5-Info.plist"; sourceTree = "<group>"; };
		93B0989518AAFAA2006AB460 /* en */ = {isa = PBXFileReference; lastKnownFileType = text.plist.strings; name = en; path = en.lproj/InfoPlist.strings; sourceTree = "<group>"; };
		93B0989718AAFAA2006AB460 /* main.m */ = {isa = PBXFileReference; lastKnownFileType = sourcecode.c.objc; path = main.m; sourceTree = "<group>"; };
		93B0989918AAFAA2006AB460 /* HW5-Prefix.pch */ = {isa = PBXFileReference; lastKnownFileType = sourcecode.c.h; path = "HW5-Prefix.pch"; sourceTree = "<group>"; };
		93B0989A18AAFAA2006AB460 /* JMSAppDelegate.h */ = {isa = PBXFileReference; lastKnownFileType = sourcecode.c.h; path = JMSAppDelegate.h; sourceTree = "<group>"; };
		93B0989B18AAFAA2006AB460 /* JMSAppDelegate.m */ = {isa = PBXFileReference; lastKnownFileType = sourcecode.c.objc; path = JMSAppDelegate.m; sourceTree = "<group>"; };
		93B0989E18AAFAA2006AB460 /* Base */ = {isa = PBXFileReference; lastKnownFileType = file.storyboard; name = Base; path = Base.lproj/Main.storyboard; sourceTree = "<group>"; };
		93B098A318AAFAA2006AB460 /* Images.xcassets */ = {isa = PBXFileReference; lastKnownFileType = folder.assetcatalog; path = Images.xcassets; sourceTree = "<group>"; };
		93B098A918AAFAA2006AB460 /* HW5Tests.xctest */ = {isa = PBXFileReference; explicitFileType = wrapper.cfbundle; includeInIndex = 0; path = HW5Tests.xctest; sourceTree = BUILT_PRODUCTS_DIR; };
		93B098AA18AAFAA2006AB460 /* XCTest.framework */ = {isa = PBXFileReference; lastKnownFileType = wrapper.framework; name = XCTest.framework; path = Library/Frameworks/XCTest.framework; sourceTree = DEVELOPER_DIR; };
		93B098B218AAFAA2006AB460 /* HW5Tests-Info.plist */ = {isa = PBXFileReference; lastKnownFileType = text.plist.xml; path = "HW5Tests-Info.plist"; sourceTree = "<group>"; };
		93B098B418AAFAA2006AB460 /* en */ = {isa = PBXFileReference; lastKnownFileType = text.plist.strings; name = en; path = en.lproj/InfoPlist.strings; sourceTree = "<group>"; };
		93B098B618AAFAA2006AB460 /* HW5Tests.m */ = {isa = PBXFileReference; lastKnownFileType = sourcecode.c.objc; path = HW5Tests.m; sourceTree = "<group>"; };
		93B098C318AAFB15006AB460 /* JMSMainViewController.h */ = {isa = PBXFileReference; fileEncoding = 4; lastKnownFileType = sourcecode.c.h; path = JMSMainViewController.h; sourceTree = "<group>"; };
		93B098C418AAFB15006AB460 /* JMSMainViewController.m */ = {isa = PBXFileReference; fileEncoding = 4; lastKnownFileType = sourcecode.c.objc; path = JMSMainViewController.m; sourceTree = "<group>"; };
		93C371B818AB38D7007B6972 /* JMSBirthdayTableViewCell.h */ = {isa = PBXFileReference; fileEncoding = 4; lastKnownFileType = sourcecode.c.h; path = JMSBirthdayTableViewCell.h; sourceTree = "<group>"; };
		93C371B918AB38D7007B6972 /* JMSBirthdayTableViewCell.m */ = {isa = PBXFileReference; fileEncoding = 4; lastKnownFileType = sourcecode.c.objc; path = JMSBirthdayTableViewCell.m; sourceTree = "<group>"; };
		93C371BB18AB3A30007B6972 /* JMSPersonBirthday.h */ = {isa = PBXFileReference; fileEncoding = 4; lastKnownFileType = sourcecode.c.h; path = JMSPersonBirthday.h; sourceTree = "<group>"; };
		93C371BC18AB3A30007B6972 /* JMSPersonBirthday.m */ = {isa = PBXFileReference; fileEncoding = 4; lastKnownFileType = sourcecode.c.objc; path = JMSPersonBirthday.m; sourceTree = "<group>"; };
		93C371C118AE6C52007B6972 /* NSDate+UWDateMath.h */ = {isa = PBXFileReference; fileEncoding = 4; lastKnownFileType = sourcecode.c.h; path = "NSDate+UWDateMath.h"; sourceTree = "<group>"; };
		93C371C218AE6C52007B6972 /* NSDate+UWDateMath.m */ = {isa = PBXFileReference; fileEncoding = 4; lastKnownFileType = sourcecode.c.objc; path = "NSDate+UWDateMath.m"; sourceTree = "<group>"; };
		93C371C418AF1EA3007B6972 /* JMSPersonStore.h */ = {isa = PBXFileReference; fileEncoding = 4; lastKnownFileType = sourcecode.c.h; path = JMSPersonStore.h; sourceTree = "<group>"; };
		93C371C518AF1EA3007B6972 /* JMSPersonStore.m */ = {isa = PBXFileReference; fileEncoding = 4; lastKnownFileType = sourcecode.c.objc; path = JMSPersonStore.m; sourceTree = "<group>"; };
/* End PBXFileReference section */

/* Begin PBXFrameworksBuildPhase section */
		93B0988518AAFAA2006AB460 /* Frameworks */ = {
			isa = PBXFrameworksBuildPhase;
			buildActionMask = 2147483647;
			files = (
				935FA59B18B7A531002C99B5 /* CoreData.framework in Frameworks */,
				93B0988E18AAFAA2006AB460 /* CoreGraphics.framework in Frameworks */,
				93B0989018AAFAA2006AB460 /* UIKit.framework in Frameworks */,
				93B0988C18AAFAA2006AB460 /* Foundation.framework in Frameworks */,
				489E243A412B4D66B4030BC8 /* libPods.a in Frameworks */,
			);
			runOnlyForDeploymentPostprocessing = 0;
		};
		93B098A618AAFAA2006AB460 /* Frameworks */ = {
			isa = PBXFrameworksBuildPhase;
			buildActionMask = 2147483647;
			files = (
				93B098AB18AAFAA2006AB460 /* XCTest.framework in Frameworks */,
				93B098AD18AAFAA2006AB460 /* UIKit.framework in Frameworks */,
				93B098AC18AAFAA2006AB460 /* Foundation.framework in Frameworks */,
			);
			runOnlyForDeploymentPostprocessing = 0;
		};
/* End PBXFrameworksBuildPhase section */

/* Begin PBXGroup section */
		93012ED618B263F7003661CE /* Model */ = {
			isa = PBXGroup;
			children = (
				93C371C418AF1EA3007B6972 /* JMSPersonStore.h */,
				93C371C518AF1EA3007B6972 /* JMSPersonStore.m */,
				93C371BB18AB3A30007B6972 /* JMSPersonBirthday.h */,
				93C371BC18AB3A30007B6972 /* JMSPersonBirthday.m */,
				930847A718B7A6BB00F0B374 /* CoreDataModel.xcdatamodeld */,
				930847AA18B7A6E600F0B374 /* Person.h */,
				930847AB18B7A6E600F0B374 /* Person.m */,
			);
			name = Model;
			sourceTree = "<group>";
		};
		93012ED718B26401003661CE /* View Controllers */ = {
			isa = PBXGroup;
			children = (
				93B0989D18AAFAA2006AB460 /* Main.storyboard */,
				93B098C318AAFB15006AB460 /* JMSMainViewController.h */,
				93B098C418AAFB15006AB460 /* JMSMainViewController.m */,
				93012ED318AFF445003661CE /* JMSEditPersonTableViewController.h */,
				93012ED418AFF445003661CE /* JMSEditPersonTableViewController.m */,
				93012ED818B2640A003661CE /* Views */,
			);
			name = "View Controllers";
			sourceTree = "<group>";
		};
		93012ED818B2640A003661CE /* Views */ = {
			isa = PBXGroup;
			children = (
				93C371B818AB38D7007B6972 /* JMSBirthdayTableViewCell.h */,
				93C371B918AB38D7007B6972 /* JMSBirthdayTableViewCell.m */,
			);
			name = Views;
			sourceTree = "<group>";
		};
		93B0987F18AAFAA2006AB460 = {
			isa = PBXGroup;
			children = (
				93B0989118AAFAA2006AB460 /* HW5 */,
				93B098B018AAFAA2006AB460 /* HW5Tests */,
				93B0988A18AAFAA2006AB460 /* Frameworks */,
				93B0988918AAFAA2006AB460 /* Products */,
				33301554169B4A98AE990BDA /* Pods.xcconfig */,
			);
			sourceTree = "<group>";
		};
		93B0988918AAFAA2006AB460 /* Products */ = {
			isa = PBXGroup;
			children = (
				93B0988818AAFAA2006AB460 /* HW5.app */,
				93B098A918AAFAA2006AB460 /* HW5Tests.xctest */,
			);
			name = Products;
			sourceTree = "<group>";
		};
		93B0988A18AAFAA2006AB460 /* Frameworks */ = {
			isa = PBXGroup;
			children = (
				935FA59A18B7A531002C99B5 /* CoreData.framework */,
				93B0988B18AAFAA2006AB460 /* Foundation.framework */,
				93B0988D18AAFAA2006AB460 /* CoreGraphics.framework */,
				93B0988F18AAFAA2006AB460 /* UIKit.framework */,
				93B098AA18AAFAA2006AB460 /* XCTest.framework */,
				248A74BCB2464C5A999C114A /* libPods.a */,
			);
			name = Frameworks;
			sourceTree = "<group>";
		};
		93B0989118AAFAA2006AB460 /* HW5 */ = {
			isa = PBXGroup;
			children = (
				93B0989A18AAFAA2006AB460 /* JMSAppDelegate.h */,
				93B0989B18AAFAA2006AB460 /* JMSAppDelegate.m */,
				93012ED718B26401003661CE /* View Controllers */,
				93012ED618B263F7003661CE /* Model */,
				93B098A318AAFAA2006AB460 /* Images.xcassets */,
				93B0989218AAFAA2006AB460 /* Supporting Files */,
			);
			path = HW5;
			sourceTree = "<group>";
		};
		93B0989218AAFAA2006AB460 /* Supporting Files */ = {
			isa = PBXGroup;
			children = (
				93C371C118AE6C52007B6972 /* NSDate+UWDateMath.h */,
				93C371C218AE6C52007B6972 /* NSDate+UWDateMath.m */,
				93B0989318AAFAA2006AB460 /* HW5-Info.plist */,
				93B0989418AAFAA2006AB460 /* InfoPlist.strings */,
				93B0989718AAFAA2006AB460 /* main.m */,
				93B0989918AAFAA2006AB460 /* HW5-Prefix.pch */,
			);
			name = "Supporting Files";
			sourceTree = "<group>";
		};
		93B098B018AAFAA2006AB460 /* HW5Tests */ = {
			isa = PBXGroup;
			children = (
				93B098B618AAFAA2006AB460 /* HW5Tests.m */,
				93B098B118AAFAA2006AB460 /* Supporting Files */,
			);
			path = HW5Tests;
			sourceTree = "<group>";
		};
		93B098B118AAFAA2006AB460 /* Supporting Files */ = {
			isa = PBXGroup;
			children = (
				93B098B218AAFAA2006AB460 /* HW5Tests-Info.plist */,
				93B098B318AAFAA2006AB460 /* InfoPlist.strings */,
			);
			name = "Supporting Files";
			sourceTree = "<group>";
		};
/* End PBXGroup section */

/* Begin PBXNativeTarget section */
		93B0988718AAFAA2006AB460 /* HW5 */ = {
			isa = PBXNativeTarget;
			buildConfigurationList = 93B098BA18AAFAA2006AB460 /* Build configuration list for PBXNativeTarget "HW5" */;
			buildPhases = (
				6DA1DAE616C7429193907B67 /* Check Pods Manifest.lock */,
				93B0988418AAFAA2006AB460 /* Sources */,
				93B0988518AAFAA2006AB460 /* Frameworks */,
				93B0988618AAFAA2006AB460 /* Resources */,
				764F15E9E8DA420CAAB70CB7 /* Copy Pods Resources */,
			);
			buildRules = (
			);
			dependencies = (
			);
			name = HW5;
			productName = HW5;
			productReference = 93B0988818AAFAA2006AB460 /* HW5.app */;
			productType = "com.apple.product-type.application";
		};
		93B098A818AAFAA2006AB460 /* HW5Tests */ = {
			isa = PBXNativeTarget;
			buildConfigurationList = 93B098BD18AAFAA2006AB460 /* Build configuration list for PBXNativeTarget "HW5Tests" */;
			buildPhases = (
				93B098A518AAFAA2006AB460 /* Sources */,
				93B098A618AAFAA2006AB460 /* Frameworks */,
				93B098A718AAFAA2006AB460 /* Resources */,
			);
			buildRules = (
			);
			dependencies = (
				93B098AF18AAFAA2006AB460 /* PBXTargetDependency */,
			);
			name = HW5Tests;
			productName = HW5Tests;
			productReference = 93B098A918AAFAA2006AB460 /* HW5Tests.xctest */;
			productType = "com.apple.product-type.bundle.unit-test";
		};
/* End PBXNativeTarget section */

/* Begin PBXProject section */
		93B0988018AAFAA2006AB460 /* Project object */ = {
			isa = PBXProject;
			attributes = {
				CLASSPREFIX = JMS;
				LastUpgradeCheck = 0510;
				ORGANIZATIONNAME = JMS;
				TargetAttributes = {
					93B098A818AAFAA2006AB460 = {
						TestTargetID = 93B0988718AAFAA2006AB460;
					};
				};
			};
			buildConfigurationList = 93B0988318AAFAA2006AB460 /* Build configuration list for PBXProject "HW5" */;
			compatibilityVersion = "Xcode 3.2";
			developmentRegion = English;
			hasScannedForEncodings = 0;
			knownRegions = (
				en,
				Base,
			);
			mainGroup = 93B0987F18AAFAA2006AB460;
			productRefGroup = 93B0988918AAFAA2006AB460 /* Products */;
			projectDirPath = "";
			projectRoot = "";
			targets = (
				93B0988718AAFAA2006AB460 /* HW5 */,
				93B098A818AAFAA2006AB460 /* HW5Tests */,
			);
		};
/* End PBXProject section */

/* Begin PBXResourcesBuildPhase section */
		93B0988618AAFAA2006AB460 /* Resources */ = {
			isa = PBXResourcesBuildPhase;
			buildActionMask = 2147483647;
			files = (
				93B098A418AAFAA2006AB460 /* Images.xcassets in Resources */,
				93B0989618AAFAA2006AB460 /* InfoPlist.strings in Resources */,
				93B0989F18AAFAA2006AB460 /* Main.storyboard in Resources */,
			);
			runOnlyForDeploymentPostprocessing = 0;
		};
		93B098A718AAFAA2006AB460 /* Resources */ = {
			isa = PBXResourcesBuildPhase;
			buildActionMask = 2147483647;
			files = (
				93B098B518AAFAA2006AB460 /* InfoPlist.strings in Resources */,
			);
			runOnlyForDeploymentPostprocessing = 0;
		};
/* End PBXResourcesBuildPhase section */

/* Begin PBXShellScriptBuildPhase section */
		6DA1DAE616C7429193907B67 /* Check Pods Manifest.lock */ = {
			isa = PBXShellScriptBuildPhase;
			buildActionMask = 2147483647;
			files = (
			);
			inputPaths = (
			);
			name = "Check Pods Manifest.lock";
			outputPaths = (
			);
			runOnlyForDeploymentPostprocessing = 0;
			shellPath = /bin/sh;
			shellScript = "diff \"${PODS_ROOT}/../Podfile.lock\" \"${PODS_ROOT}/Manifest.lock\" > /dev/null\nif [[ $? != 0 ]] ; then\n    cat << EOM\nerror: The sandbox is not in sync with the Podfile.lock. Run 'pod install' or update your CocoaPods installation.\nEOM\n    exit 1\nfi\n";
			showEnvVarsInLog = 0;
		};
		764F15E9E8DA420CAAB70CB7 /* Copy Pods Resources */ = {
			isa = PBXShellScriptBuildPhase;
			buildActionMask = 2147483647;
			files = (
			);
			inputPaths = (
			);
			name = "Copy Pods Resources";
			outputPaths = (
			);
			runOnlyForDeploymentPostprocessing = 0;
			shellPath = /bin/sh;
			shellScript = "\"${SRCROOT}/Pods/Pods-resources.sh\"\n";
			showEnvVarsInLog = 0;
		};
/* End PBXShellScriptBuildPhase section */

/* Begin PBXSourcesBuildPhase section */
		93B0988418AAFAA2006AB460 /* Sources */ = {
			isa = PBXSourcesBuildPhase;
			buildActionMask = 2147483647;
			files = (
				93C371C618AF1EA3007B6972 /* JMSPersonStore.m in Sources */,
				93C371BD18AB3A30007B6972 /* JMSPersonBirthday.m in Sources */,
				930847AC18B7A6E600F0B374 /* Person.m in Sources */,
				93B0989818AAFAA2006AB460 /* main.m in Sources */,
				93C371C318AE6C52007B6972 /* NSDate+UWDateMath.m in Sources */,
				93C371BA18AB38D7007B6972 /* JMSBirthdayTableViewCell.m in Sources */,
				930847A918B7A6BB00F0B374 /* CoreDataModel.xcdatamodeld in Sources */,
				93B098C518AAFB15006AB460 /* JMSMainViewController.m in Sources */,
				93B0989C18AAFAA2006AB460 /* JMSAppDelegate.m in Sources */,
				93012ED518AFF445003661CE /* JMSEditPersonTableViewController.m in Sources */,
			);
			runOnlyForDeploymentPostprocessing = 0;
		};
		93B098A518AAFAA2006AB460 /* Sources */ = {
			isa = PBXSourcesBuildPhase;
			buildActionMask = 2147483647;
			files = (
				93B098B718AAFAA2006AB460 /* HW5Tests.m in Sources */,
			);
			runOnlyForDeploymentPostprocessing = 0;
		};
/* End PBXSourcesBuildPhase section */

/* Begin PBXTargetDependency section */
		93B098AF18AAFAA2006AB460 /* PBXTargetDependency */ = {
			isa = PBXTargetDependency;
			target = 93B0988718AAFAA2006AB460 /* HW5 */;
			targetProxy = 93B098AE18AAFAA2006AB460 /* PBXContainerItemProxy */;
		};
/* End PBXTargetDependency section */

/* Begin PBXVariantGroup section */
		93B0989418AAFAA2006AB460 /* InfoPlist.strings */ = {
			isa = PBXVariantGroup;
			children = (
				93B0989518AAFAA2006AB460 /* en */,
			);
			name = InfoPlist.strings;
			sourceTree = "<group>";
		};
		93B0989D18AAFAA2006AB460 /* Main.storyboard */ = {
			isa = PBXVariantGroup;
			children = (
				93B0989E18AAFAA2006AB460 /* Base */,
			);
			name = Main.storyboard;
			sourceTree = "<group>";
		};
		93B098B318AAFAA2006AB460 /* InfoPlist.strings */ = {
			isa = PBXVariantGroup;
			children = (
				93B098B418AAFAA2006AB460 /* en */,
			);
			name = InfoPlist.strings;
			sourceTree = "<group>";
		};
/* End PBXVariantGroup section */

/* Begin XCBuildConfiguration section */
		93B098B818AAFAA2006AB460 /* Debug */ = {
			isa = XCBuildConfiguration;
			buildSettings = {
				ALWAYS_SEARCH_USER_PATHS = NO;
				CLANG_CXX_LANGUAGE_STANDARD = "gnu++0x";
				CLANG_CXX_LIBRARY = "libc++";
				CLANG_ENABLE_MODULES = YES;
				CLANG_ENABLE_OBJC_ARC = YES;
				CLANG_WARN_BOOL_CONVERSION = YES;
				CLANG_WARN_CONSTANT_CONVERSION = YES;
				CLANG_WARN_DIRECT_OBJC_ISA_USAGE = YES_ERROR;
				CLANG_WARN_EMPTY_BODY = YES;
				CLANG_WARN_ENUM_CONVERSION = YES;
				CLANG_WARN_INT_CONVERSION = YES;
				CLANG_WARN_OBJC_ROOT_CLASS = YES_ERROR;
				CLANG_WARN__DUPLICATE_METHOD_MATCH = YES;
				"CODE_SIGN_IDENTITY[sdk=iphoneos*]" = "iPhone Developer";
				COPY_PHASE_STRIP = NO;
				GCC_C_LANGUAGE_STANDARD = gnu99;
				GCC_DYNAMIC_NO_PIC = NO;
				GCC_OPTIMIZATION_LEVEL = 0;
				GCC_PREPROCESSOR_DEFINITIONS = (
					"DEBUG=1",
					"$(inherited)",
				);
				GCC_SYMBOLS_PRIVATE_EXTERN = NO;
				GCC_WARN_64_TO_32_BIT_CONVERSION = YES;
				GCC_WARN_ABOUT_RETURN_TYPE = YES_ERROR;
				GCC_WARN_UNDECLARED_SELECTOR = YES;
				GCC_WARN_UNINITIALIZED_AUTOS = YES;
				GCC_WARN_UNUSED_FUNCTION = YES;
				GCC_WARN_UNUSED_VARIABLE = YES;
				IPHONEOS_DEPLOYMENT_TARGET = 7.0;
				ONLY_ACTIVE_ARCH = YES;
				SDKROOT = iphoneos;
			};
			name = Debug;
		};
		93B098B918AAFAA2006AB460 /* Release */ = {
			isa = XCBuildConfiguration;
			buildSettings = {
				ALWAYS_SEARCH_USER_PATHS = NO;
				CLANG_CXX_LANGUAGE_STANDARD = "gnu++0x";
				CLANG_CXX_LIBRARY = "libc++";
				CLANG_ENABLE_MODULES = YES;
				CLANG_ENABLE_OBJC_ARC = YES;
				CLANG_WARN_BOOL_CONVERSION = YES;
				CLANG_WARN_CONSTANT_CONVERSION = YES;
				CLANG_WARN_DIRECT_OBJC_ISA_USAGE = YES_ERROR;
				CLANG_WARN_EMPTY_BODY = YES;
				CLANG_WARN_ENUM_CONVERSION = YES;
				CLANG_WARN_INT_CONVERSION = YES;
				CLANG_WARN_OBJC_ROOT_CLASS = YES_ERROR;
				CLANG_WARN__DUPLICATE_METHOD_MATCH = YES;
				"CODE_SIGN_IDENTITY[sdk=iphoneos*]" = "iPhone Developer";
				COPY_PHASE_STRIP = YES;
				ENABLE_NS_ASSERTIONS = NO;
				GCC_C_LANGUAGE_STANDARD = gnu99;
				GCC_WARN_64_TO_32_BIT_CONVERSION = YES;
				GCC_WARN_ABOUT_RETURN_TYPE = YES_ERROR;
				GCC_WARN_UNDECLARED_SELECTOR = YES;
				GCC_WARN_UNINITIALIZED_AUTOS = YES;
				GCC_WARN_UNUSED_FUNCTION = YES;
				GCC_WARN_UNUSED_VARIABLE = YES;
				IPHONEOS_DEPLOYMENT_TARGET = 7.0;
				SDKROOT = iphoneos;
				VALIDATE_PRODUCT = YES;
			};
			name = Release;
		};
		93B098BB18AAFAA2006AB460 /* Debug */ = {
			isa = XCBuildConfiguration;
			baseConfigurationReference = 33301554169B4A98AE990BDA /* Pods.xcconfig */;
			buildSettings = {
				ASSETCATALOG_COMPILER_APPICON_NAME = AppIcon;
				ASSETCATALOG_COMPILER_LAUNCHIMAGE_NAME = LaunchImage;
				GCC_PRECOMPILE_PREFIX_HEADER = YES;
				GCC_PREFIX_HEADER = "HW5/HW5-Prefix.pch";
				INFOPLIST_FILE = "HW5/HW5-Info.plist";
				PRODUCT_NAME = "$(TARGET_NAME)";
				WRAPPER_EXTENSION = app;
			};
			name = Debug;
		};
		93B098BC18AAFAA2006AB460 /* Release */ = {
			isa = XCBuildConfiguration;
			baseConfigurationReference = 33301554169B4A98AE990BDA /* Pods.xcconfig */;
			buildSettings = {
				ASSETCATALOG_COMPILER_APPICON_NAME = AppIcon;
				ASSETCATALOG_COMPILER_LAUNCHIMAGE_NAME = LaunchImage;
				GCC_PRECOMPILE_PREFIX_HEADER = YES;
				GCC_PREFIX_HEADER = "HW5/HW5-Prefix.pch";
				INFOPLIST_FILE = "HW5/HW5-Info.plist";
				PRODUCT_NAME = "$(TARGET_NAME)";
				WRAPPER_EXTENSION = app;
			};
			name = Release;
		};
		93B098BE18AAFAA2006AB460 /* Debug */ = {
			isa = XCBuildConfiguration;
			buildSettings = {
				BUNDLE_LOADER = "$(BUILT_PRODUCTS_DIR)/HW5.app/HW5";
				FRAMEWORK_SEARCH_PATHS = (
					"$(SDKROOT)/Developer/Library/Frameworks",
					"$(inherited)",
					"$(DEVELOPER_FRAMEWORKS_DIR)",
				);
				GCC_PRECOMPILE_PREFIX_HEADER = YES;
				GCC_PREFIX_HEADER = "HW5/HW5-Prefix.pch";
				GCC_PREPROCESSOR_DEFINITIONS = (
					"DEBUG=1",
					"$(inherited)",
				);
				INFOPLIST_FILE = "HW5Tests/HW5Tests-Info.plist";
				PRODUCT_NAME = "$(TARGET_NAME)";
				TEST_HOST = "$(BUNDLE_LOADER)";
				WRAPPER_EXTENSION = xctest;
			};
			name = Debug;
		};
		93B098BF18AAFAA2006AB460 /* Release */ = {
			isa = XCBuildConfiguration;
			buildSettings = {
				BUNDLE_LOADER = "$(BUILT_PRODUCTS_DIR)/HW5.app/HW5";
				FRAMEWORK_SEARCH_PATHS = (
					"$(SDKROOT)/Developer/Library/Frameworks",
					"$(inherited)",
					"$(DEVELOPER_FRAMEWORKS_DIR)",
				);
				GCC_PRECOMPILE_PREFIX_HEADER = YES;
				GCC_PREFIX_HEADER = "HW5/HW5-Prefix.pch";
				INFOPLIST_FILE = "HW5Tests/HW5Tests-Info.plist";
				PRODUCT_NAME = "$(TARGET_NAME)";
				TEST_HOST = "$(BUNDLE_LOADER)";
				WRAPPER_EXTENSION = xctest;
			};
			name = Release;
		};
/* End XCBuildConfiguration section */

/* Begin XCConfigurationList section */
		93B0988318AAFAA2006AB460 /* Build configuration list for PBXProject "HW5" */ = {
			isa = XCConfigurationList;
			buildConfigurations = (
				93B098B818AAFAA2006AB460 /* Debug */,
				93B098B918AAFAA2006AB460 /* Release */,
			);
			defaultConfigurationIsVisible = 0;
			defaultConfigurationName = Release;
		};
		93B098BA18AAFAA2006AB460 /* Build configuration list for PBXNativeTarget "HW5" */ = {
			isa = XCConfigurationList;
			buildConfigurations = (
				93B098BB18AAFAA2006AB460 /* Debug */,
				93B098BC18AAFAA2006AB460 /* Release */,
			);
			defaultConfigurationIsVisible = 0;
			defaultConfigurationName = Release;
		};
		93B098BD18AAFAA2006AB460 /* Build configuration list for PBXNativeTarget "HW5Tests" */ = {
			isa = XCConfigurationList;
			buildConfigurations = (
				93B098BE18AAFAA2006AB460 /* Debug */,
				93B098BF18AAFAA2006AB460 /* Release */,
			);
			defaultConfigurationIsVisible = 0;
			defaultConfigurationName = Release;
		};
/* End XCConfigurationList section */

/* Begin XCVersionGroup section */
		930847A718B7A6BB00F0B374 /* CoreDataModel.xcdatamodeld */ = {
			isa = XCVersionGroup;
			children = (
				930847A818B7A6BB00F0B374 /* CoreDataModel.xcdatamodel */,
			);
			currentVersion = 930847A818B7A6BB00F0B374 /* CoreDataModel.xcdatamodel */;
			name = CoreDataModel.xcdatamodeld;
			path = Model/CoreDataModel.xcdatamodeld;
			sourceTree = "<group>";
			versionGroupType = wrapper.xcdatamodel;
		};
/* End XCVersionGroup section */
	};
	rootObject = 93B0988018AAFAA2006AB460 /* Project object */;
}
